
Microsoft Visual Studio Solution File, Format Version 12.00
# Visual Studio Version 17
VisualStudioVersion = 17.13.35818.85 d17.13
MinimumVisualStudioVersion = 10.0.40219.1
Project("{FAE04EC0-301F-11D3-BF4B-00C04F79EFBC}") = "Vdisk", "Vdisk\Vdisk.csproj", "{CEA7898D-2239-4F79-A8E5-A7B4CDC59CE3}"
EndProject
Global
	GlobalSection(SolutionConfigurationPlatforms) = preSolution
		Debug|Any CPU = Debug|Any CPU
		Release|Any CPU = Release|Any CPU
	EndGlobalSection
	GlobalSection(ProjectConfigurationPlatforms) = postSolution
		{CEA7898D-2239-4F79-A8E5-A7B4CDC59CE3}.Debug|Any CPU.ActiveCfg = Debug|Any CPU
		{CEA7898D-2239-4F79-A8E5-A7B4CDC59CE3}.Debug|Any CPU.Build.0 = Debug|Any CPU
		{CEA7898D-2239-4F79-A8E5-A7B4CDC59CE3}.Release|Any CPU.ActiveCfg = Release|Any CPU
		{CEA7898D-2239-4F79-A8E5-A7B4CDC59CE3}.Release|Any CPU.Build.0 = Release|Any CPU
	EndGlobalSection
	GlobalSection(SolutionProperties) = preSolution
		HideSolutionNode = FALSE
	EndGlobalSection
	GlobalSection(ExtensibilityGlobals) = postSolution
		SolutionGuid = {28A21A6F-C1FB-4632-A709-B0F511EC58B5}
	EndGlobalSection
EndGlobal
